// !$*UTF8*$!
{
	archiveVersion = 1;
	classes = {
	};
	objectVersion = 77;
	objects = {

/* Begin PBXBuildFile section */
		0E21F69C2DBD4A7200BA1BEC /* ExpenseReportKata.framework in Frameworks */ = {isa = PBXBuildFile; fileRef = 0E21F6932DBD4A7100BA1BEC /* ExpenseReportKata.framework */; };
		0E21F6B02DBD4E9300BA1BEC /* ApprovalTests.Swift in Frameworks */ = {isa = PBXBuildFile; productRef = 0E21F6AF2DBD4E9300BA1BEC /* ApprovalTests.Swift */; };
/* End PBXBuildFile section */

/* Begin PBXContainerItemProxy section */
		0E21F69D2DBD4A7200BA1BEC /* PBXContainerItemProxy */ = {
			isa = PBXContainerItemProxy;
			containerPortal = 0E21F68A2DBD4A7100BA1BEC /* Project object */;
			proxyType = 1;
			remoteGlobalIDString = 0E21F6922DBD4A7100BA1BEC;
			remoteInfo = ExpenseReportKata;
		};
/* End PBXContainerItemProxy section */

/* Begin PBXFileReference section */
		0E21F6932DBD4A7100BA1BEC /* ExpenseReportKata.framework */ = {isa = PBXFileReference; explicitFileType = wrapper.framework; includeInIndex = 0; path = ExpenseReportKata.framework; sourceTree = BUILT_PRODUCTS_DIR; };
		0E21F69B2DBD4A7200BA1BEC /* ExpenseReportKataTests.xctest */ = {isa = PBXFileReference; explicitFileType = wrapper.cfbundle; includeInIndex = 0; path = ExpenseReportKataTests.xctest; sourceTree = BUILT_PRODUCTS_DIR; };
/* End PBXFileReference section */

/* Begin PBXFileSystemSynchronizedRootGroup section */
		0E21F6952DBD4A7100BA1BEC /* ExpenseReportKata */ = {
			isa = PBXFileSystemSynchronizedRootGroup;
			path = ExpenseReportKata;
			sourceTree = "<group>";
		};
		0E21F69F2DBD4A7200BA1BEC /* ExpenseReportKataTests */ = {
			isa = PBXFileSystemSynchronizedRootGroup;
			path = ExpenseReportKataTests;
			sourceTree = "<group>";
		};
/* End PBXFileSystemSynchronizedRootGroup section */

/* Begin PBXFrameworksBuildPhase section */
		0E21F6902DBD4A7100BA1BEC /* Frameworks */ = {
			isa = PBXFrameworksBuildPhase;
			buildActionMask = 2147483647;
			files = (
			);
			runOnlyForDeploymentPostprocessing = 0;
		};
		0E21F6982DBD4A7200BA1BEC /* Frameworks */ = {
			isa = PBXFrameworksBuildPhase;
			buildActionMask = 2147483647;
			files = (
				0E21F6B02DBD4E9300BA1BEC /* ApprovalTests.Swift in Frameworks */,
				0E21F69C2DBD4A7200BA1BEC /* ExpenseReportKata.framework in Frameworks */,
			);
			runOnlyForDeploymentPostprocessing = 0;
		};
/* End PBXFrameworksBuildPhase section */

/* Begin PBXGroup section */
		0E21F6892DBD4A7100BA1BEC = {
			isa = PBXGroup;
			children = (
				0E21F6952DBD4A7100BA1BEC /* ExpenseReportKata */,
				0E21F69F2DBD4A7200BA1BEC /* ExpenseReportKataTests */,
				0E21F6942DBD4A7100BA1BEC /* Products */,
			);
			sourceTree = "<group>";
		};
		0E21F6942DBD4A7100BA1BEC /* Products */ = {
			isa = PBXGroup;
			children = (
				0E21F6932DBD4A7100BA1BEC /* ExpenseReportKata.framework */,
				0E21F69B2DBD4A7200BA1BEC /* ExpenseReportKataTests.xctest */,
			);
			name = Products;
			sourceTree = "<group>";
		};
/* End PBXGroup section */

/* Begin PBXHeadersBuildPhase section */
		0E21F68E2DBD4A7100BA1BEC /* Headers */ = {
			isa = PBXHeadersBuildPhase;
			buildActionMask = 2147483647;
			files = (
			);
			runOnlyForDeploymentPostprocessing = 0;
		};
/* End PBXHeadersBuildPhase section */

/* Begin PBXNativeTarget section */
		0E21F6922DBD4A7100BA1BEC /* ExpenseReportKata */ = {
			isa = PBXNativeTarget;
			buildConfigurationList = 0E21F6A42DBD4A7200BA1BEC /* Build configuration list for PBXNativeTarget "ExpenseReportKata" */;
			buildPhases = (
				0E21F68E2DBD4A7100BA1BEC /* Headers */,
				0E21F68F2DBD4A7100BA1BEC /* Sources */,
				0E21F6902DBD4A7100BA1BEC /* Frameworks */,
				0E21F6912DBD4A7100BA1BEC /* Resources */,
			);
			buildRules = (
			);
			dependencies = (
			);
			fileSystemSynchronizedGroups = (
				0E21F6952DBD4A7100BA1BEC /* ExpenseReportKata */,
			);
			name = ExpenseReportKata;
			packageProductDependencies = (
			);
			productName = ExpenseReportKata;
			productReference = 0E21F6932DBD4A7100BA1BEC /* ExpenseReportKata.framework */;
			productType = "com.apple.product-type.framework";
		};
		0E21F69A2DBD4A7200BA1BEC /* ExpenseReportKataTests */ = {
			isa = PBXNativeTarget;
			buildConfigurationList = 0E21F6A92DBD4A7200BA1BEC /* Build configuration list for PBXNativeTarget "ExpenseReportKataTests" */;
			buildPhases = (
				0E21F6972DBD4A7200BA1BEC /* Sources */,
				0E21F6982DBD4A7200BA1BEC /* Frameworks */,
				0E21F6992DBD4A7200BA1BEC /* Resources */,
			);
			buildRules = (
			);
			dependencies = (
				0E21F69E2DBD4A7200BA1BEC /* PBXTargetDependency */,
			);
			fileSystemSynchronizedGroups = (
				0E21F69F2DBD4A7200BA1BEC /* ExpenseReportKataTests */,
			);
			name = ExpenseReportKataTests;
			packageProductDependencies = (
				0E21F6AF2DBD4E9300BA1BEC /* ApprovalTests.Swift */,
			);
			productName = ExpenseReportKataTests;
			productReference = 0E21F69B2DBD4A7200BA1BEC /* ExpenseReportKataTests.xctest */;
			productType = "com.apple.product-type.bundle.unit-test";
		};
/* End PBXNativeTarget section */

/* Begin PBXProject section */
		0E21F68A2DBD4A7100BA1BEC /* Project object */ = {
			isa = PBXProject;
			attributes = {
				BuildIndependentTargetsInParallel = 1;
				LastSwiftUpdateCheck = 1610;
				LastUpgradeCheck = 1610;
				TargetAttributes = {
					0E21F6922DBD4A7100BA1BEC = {
						CreatedOnToolsVersion = 16.1;
						LastSwiftMigration = 1610;
					};
					0E21F69A2DBD4A7200BA1BEC = {
						CreatedOnToolsVersion = 16.1;
					};
				};
			};
			buildConfigurationList = 0E21F68D2DBD4A7100BA1BEC /* Build configuration list for PBXProject "ExpenseReportKata" */;
			developmentRegion = en;
			hasScannedForEncodings = 0;
			knownRegions = (
				en,
				Base,
			);
			mainGroup = 0E21F6892DBD4A7100BA1BEC;
			minimizedProjectReferenceProxies = 1;
			packageReferences = (
				0E21F6AE2DBD4E9300BA1BEC /* XCRemoteSwiftPackageReference "ApprovalTests" */,
			);
			preferredProjectObjectVersion = 77;
			productRefGroup = 0E21F6942DBD4A7100BA1BEC /* Products */;
			projectDirPath = "";
			projectRoot = "";
			targets = (
				0E21F6922DBD4A7100BA1BEC /* ExpenseReportKata */,
				0E21F69A2DBD4A7200BA1BEC /* ExpenseReportKataTests */,
			);
		};
/* End PBXProject section */

/* Begin PBXResourcesBuildPhase section */
		0E21F6912DBD4A7100BA1BEC /* Resources */ = {
			isa = PBXResourcesBuildPhase;
			buildActionMask = 2147483647;
			files = (
			);
			runOnlyForDeploymentPostprocessing = 0;
		};
		0E21F6992DBD4A7200BA1BEC /* Resources */ = {
			isa = PBXResourcesBuildPhase;
			buildActionMask = 2147483647;
			files = (
			);
			runOnlyForDeploymentPostprocessing = 0;
		};
/* End PBXResourcesBuildPhase section */

/* Begin PBXSourcesBuildPhase section */
		0E21F68F2DBD4A7100BA1BEC /* Sources */ = {
			isa = PBXSourcesBuildPhase;
			buildActionMask = 2147483647;
			files = (
			);
			runOnlyForDeploymentPostprocessing = 0;
		};
		0E21F6972DBD4A7200BA1BEC /* Sources */ = {
			isa = PBXSourcesBuildPhase;
			buildActionMask = 2147483647;
			files = (
			);
			runOnlyForDeploymentPostprocessing = 0;
		};
/* End PBXSourcesBuildPhase section */

/* Begin PBXTargetDependency section */
		0E21F69E2DBD4A7200BA1BEC /* PBXTargetDependency */ = {
			isa = PBXTargetDependency;
			target = 0E21F6922DBD4A7100BA1BEC /* ExpenseReportKata */;
			targetProxy = 0E21F69D2DBD4A7200BA1BEC /* PBXContainerItemProxy */;
		};
/* End PBXTargetDependency section */

/* Begin XCBuildConfiguration section */
		0E21F6A52DBD4A7200BA1BEC /* Debug */ = {
			isa = XCBuildConfiguration;
			buildSettings = {
				BUILD_LIBRARY_FOR_DISTRIBUTION = YES;
				CLANG_ENABLE_MODULES = YES;
				CODE_SIGN_STYLE = Automatic;
				COMBINE_HIDPI_IMAGES = YES;
				CURRENT_PROJECT_VERSION = 1;
				DEFINES_MODULE = NO;
				DEVELOPMENT_TEAM = 4BZ7SLAR29;
				DYLIB_COMPATIBILITY_VERSION = 1;
				DYLIB_CURRENT_VERSION = 1;
				DYLIB_INSTALL_NAME_BASE = "@rpath";
				ENABLE_MODULE_VERIFIER = YES;
				GENERATE_INFOPLIST_FILE = YES;
				INFOPLIST_KEY_NSHumanReadableCopyright = "";
				INSTALL_PATH = "$(LOCAL_LIBRARY_DIR)/Frameworks";
				LD_RUNPATH_SEARCH_PATHS = (
					"$(inherited)",
					"@executable_path/../Frameworks",
					"@loader_path/Frameworks",
				);
				MARKETING_VERSION = 1.0;
				MODULE_VERIFIER_SUPPORTED_LANGUAGES = "objective-c objective-c++";
				MODULE_VERIFIER_SUPPORTED_LANGUAGE_STANDARDS = "gnu17 gnu++20";
				PRODUCT_BUNDLE_IDENTIFIER = de.bilalbas.ExpenseReportKata;
				PRODUCT_NAME = "$(TARGET_NAME:c99extidentifier)";
				SKIP_INSTALL = YES;
				SWIFT_EMIT_LOC_STRINGS = YES;
				SWIFT_INSTALL_OBJC_HEADER = NO;
				SWIFT_OPTIMIZATION_LEVEL = "-Onone";
				SWIFT_VERSION = 5.0;
			};
			name = Debug;
		};
		0E21F6A62DBD4A7200BA1BEC /* Release */ = {
			isa = XCBuildConfiguration;
			buildSettings = {
				BUILD_LIBRARY_FOR_DISTRIBUTION = YES;
				CLANG_ENABLE_MODULES = YES;
				CODE_SIGN_STYLE = Automatic;
				COMBINE_HIDPI_IMAGES = YES;
				CURRENT_PROJECT_VERSION = 1;
				DEFINES_MODULE = NO;
				DEVELOPMENT_TEAM = 4BZ7SLAR29;
				DYLIB_COMPATIBILITY_VERSION = 1;
				DYLIB_CURRENT_VERSION = 1;
				DYLIB_INSTALL_NAME_BASE = "@rpath";
				ENABLE_MODULE_VERIFIER = YES;
				GENERATE_INFOPLIST_FILE = YES;
				INFOPLIST_KEY_NSHumanReadableCopyright = "";
				INSTALL_PATH = "$(LOCAL_LIBRARY_DIR)/Frameworks";
				LD_RUNPATH_SEARCH_PATHS = (
					"$(inherited)",
					"@executable_path/../Frameworks",
					"@loader_path/Frameworks",
				);
				MARKETING_VERSION = 1.0;
				MODULE_VERIFIER_SUPPORTED_LANGUAGES = "objective-c objective-c++";
				MODULE_VERIFIER_SUPPORTED_LANGUAGE_STANDARDS = "gnu17 gnu++20";
				PRODUCT_BUNDLE_IDENTIFIER = de.bilalbas.ExpenseReportKata;
				PRODUCT_NAME = "$(TARGET_NAME:c99extidentifier)";
				SKIP_INSTALL = YES;
				SWIFT_EMIT_LOC_STRINGS = YES;
				SWIFT_INSTALL_OBJC_HEADER = NO;
				SWIFT_VERSION = 5.0;
			};
			name = Release;
		};
		0E21F6A72DBD4A7200BA1BEC /* Debug */ = {
			isa = XCBuildConfiguration;
			buildSettings = {
				ALWAYS_SEARCH_USER_PATHS = NO;
				ASSETCATALOG_COMPILER_GENERATE_SWIFT_ASSET_SYMBOL_EXTENSIONS = YES;
				CLANG_ANALYZER_NONNULL = YES;
				CLANG_ANALYZER_NUMBER_OBJECT_CONVERSION = YES_AGGRESSIVE;
				CLANG_CXX_LANGUAGE_STANDARD = "gnu++20";
				CLANG_ENABLE_MODULES = YES;
				CLANG_ENABLE_OBJC_ARC = YES;
				CLANG_ENABLE_OBJC_WEAK = YES;
				CLANG_WARN_BLOCK_CAPTURE_AUTORELEASING = YES;
				CLANG_WARN_BOOL_CONVERSION = YES;
				CLANG_WARN_COMMA = YES;
				CLANG_WARN_CONSTANT_CONVERSION = YES;
				CLANG_WARN_DEPRECATED_OBJC_IMPLEMENTATIONS = YES;
				CLANG_WARN_DIRECT_OBJC_ISA_USAGE = YES_ERROR;
				CLANG_WARN_DOCUMENTATION_COMMENTS = YES;
				CLANG_WARN_EMPTY_BODY = YES;
				CLANG_WARN_ENUM_CONVERSION = YES;
				CLANG_WARN_INFINITE_RECURSION = YES;
				CLANG_WARN_INT_CONVERSION = YES;
				CLANG_WARN_NON_LITERAL_NULL_CONVERSION = YES;
				CLANG_WARN_OBJC_IMPLICIT_RETAIN_SELF = YES;
				CLANG_WARN_OBJC_LITERAL_CONVERSION = YES;
				CLANG_WARN_OBJC_ROOT_CLASS = YES_ERROR;
				CLANG_WARN_QUOTED_INCLUDE_IN_FRAMEWORK_HEADER = YES;
				CLANG_WARN_RANGE_LOOP_ANALYSIS = YES;
				CLANG_WARN_STRICT_PROTOTYPES = YES;
				CLANG_WARN_SUSPICIOUS_MOVE = YES;
				CLANG_WARN_UNGUARDED_AVAILABILITY = YES_AGGRESSIVE;
				CLANG_WARN_UNREACHABLE_CODE = YES;
				CLANG_WARN__DUPLICATE_METHOD_MATCH = YES;
				COPY_PHASE_STRIP = NO;
				CURRENT_PROJECT_VERSION = 1;
				DEBUG_INFORMATION_FORMAT = dwarf;
				ENABLE_STRICT_OBJC_MSGSEND = YES;
				ENABLE_TESTABILITY = YES;
				ENABLE_USER_SCRIPT_SANDBOXING = YES;
				GCC_C_LANGUAGE_STANDARD = gnu17;
				GCC_DYNAMIC_NO_PIC = NO;
				GCC_NO_COMMON_BLOCKS = YES;
				GCC_OPTIMIZATION_LEVEL = 0;
				GCC_PREPROCESSOR_DEFINITIONS = (
					"DEBUG=1",
					"$(inherited)",
				);
				GCC_WARN_64_TO_32_BIT_CONVERSION = YES;
				GCC_WARN_ABOUT_RETURN_TYPE = YES_ERROR;
				GCC_WARN_UNDECLARED_SELECTOR = YES;
				GCC_WARN_UNINITIALIZED_AUTOS = YES_AGGRESSIVE;
				GCC_WARN_UNUSED_FUNCTION = YES;
				GCC_WARN_UNUSED_VARIABLE = YES;
				LOCALIZATION_PREFERS_STRING_CATALOGS = YES;
				MACOSX_DEPLOYMENT_TARGET = 15.1;
				MTL_ENABLE_DEBUG_INFO = INCLUDE_SOURCE;
				MTL_FAST_MATH = YES;
				ONLY_ACTIVE_ARCH = YES;
				SDKROOT = macosx;
				SWIFT_ACTIVE_COMPILATION_CONDITIONS = "DEBUG $(inherited)";
				SWIFT_OPTIMIZATION_LEVEL = "-Onone";
				VERSIONING_SYSTEM = "apple-generic";
				VERSION_INFO_PREFIX = "";
			};
			name = Debug;
		};
		0E21F6A82DBD4A7200BA1BEC /* Release */ = {
			isa = XCBuildConfiguration;
			buildSettings = {
				ALWAYS_SEARCH_USER_PATHS = NO;
				ASSETCATALOG_COMPILER_GENERATE_SWIFT_ASSET_SYMBOL_EXTENSIONS = YES;
				CLANG_ANALYZER_NONNULL = YES;
				CLANG_ANALYZER_NUMBER_OBJECT_CONVERSION = YES_AGGRESSIVE;
				CLANG_CXX_LANGUAGE_STANDARD = "gnu++20";
				CLANG_ENABLE_MODULES = YES;
				CLANG_ENABLE_OBJC_ARC = YES;
				CLANG_ENABLE_OBJC_WEAK = YES;
				CLANG_WARN_BLOCK_CAPTURE_AUTORELEASING = YES;
				CLANG_WARN_BOOL_CONVERSION = YES;
				CLANG_WARN_COMMA = YES;
				CLANG_WARN_CONSTANT_CONVERSION = YES;
				CLANG_WARN_DEPRECATED_OBJC_IMPLEMENTATIONS = YES;
				CLANG_WARN_DIRECT_OBJC_ISA_USAGE = YES_ERROR;
				CLANG_WARN_DOCUMENTATION_COMMENTS = YES;
				CLANG_WARN_EMPTY_BODY = YES;
				CLANG_WARN_ENUM_CONVERSION = YES;
				CLANG_WARN_INFINITE_RECURSION = YES;
				CLANG_WARN_INT_CONVERSION = YES;
				CLANG_WARN_NON_LITERAL_NULL_CONVERSION = YES;
				CLANG_WARN_OBJC_IMPLICIT_RETAIN_SELF = YES;
				CLANG_WARN_OBJC_LITERAL_CONVERSION = YES;
				CLANG_WARN_OBJC_ROOT_CLASS = YES_ERROR;
				CLANG_WARN_QUOTED_INCLUDE_IN_FRAMEWORK_HEADER = YES;
				CLANG_WARN_RANGE_LOOP_ANALYSIS = YES;
				CLANG_WARN_STRICT_PROTOTYPES = YES;
				CLANG_WARN_SUSPICIOUS_MOVE = YES;
				CLANG_WARN_UNGUARDED_AVAILABILITY = YES_AGGRESSIVE;
				CLANG_WARN_UNREACHABLE_CODE = YES;
				CLANG_WARN__DUPLICATE_METHOD_MATCH = YES;
				COPY_PHASE_STRIP = NO;
				CURRENT_PROJECT_VERSION = 1;
				DEBUG_INFORMATION_FORMAT = "dwarf-with-dsym";
				ENABLE_NS_ASSERTIONS = NO;
				ENABLE_STRICT_OBJC_MSGSEND = YES;
				ENABLE_USER_SCRIPT_SANDBOXING = YES;
				GCC_C_LANGUAGE_STANDARD = gnu17;
				GCC_NO_COMMON_BLOCKS = YES;
				GCC_WARN_64_TO_32_BIT_CONVERSION = YES;
				GCC_WARN_ABOUT_RETURN_TYPE = YES_ERROR;
				GCC_WARN_UNDECLARED_SELECTOR = YES;
				GCC_WARN_UNINITIALIZED_AUTOS = YES_AGGRESSIVE;
				GCC_WARN_UNUSED_FUNCTION = YES;
				GCC_WARN_UNUSED_VARIABLE = YES;
				LOCALIZATION_PREFERS_STRING_CATALOGS = YES;
				MACOSX_DEPLOYMENT_TARGET = 15.1;
				MTL_ENABLE_DEBUG_INFO = NO;
				MTL_FAST_MATH = YES;
				SDKROOT = macosx;
				SWIFT_COMPILATION_MODE = wholemodule;
				VERSIONING_SYSTEM = "apple-generic";
				VERSION_INFO_PREFIX = "";
			};
			name = Release;
		};
		0E21F6AA2DBD4A7200BA1BEC /* Debug */ = {
			isa = XCBuildConfiguration;
			buildSettings = {
				CODE_SIGN_STYLE = Automatic;
				CURRENT_PROJECT_VERSION = 1;
				DEVELOPMENT_TEAM = 4BZ7SLAR29;
				GENERATE_INFOPLIST_FILE = YES;
				MARKETING_VERSION = 1.0;
				PRODUCT_BUNDLE_IDENTIFIER = de.bilalbas.ExpenseReportKataTests;
				PRODUCT_NAME = "$(TARGET_NAME)";
				SWIFT_EMIT_LOC_STRINGS = NO;
				SWIFT_VERSION = 5.0;
			};
			name = Debug;
		};
		0E21F6AB2DBD4A7200BA1BEC /* Release */ = {
			isa = XCBuildConfiguration;
			buildSettings = {
				CODE_SIGN_STYLE = Automatic;
				CURRENT_PROJECT_VERSION = 1;
				DEVELOPMENT_TEAM = 4BZ7SLAR29;
				GENERATE_INFOPLIST_FILE = YES;
				MARKETING_VERSION = 1.0;
				PRODUCT_BUNDLE_IDENTIFIER = de.bilalbas.ExpenseReportKataTests;
				PRODUCT_NAME = "$(TARGET_NAME)";
				SWIFT_EMIT_LOC_STRINGS = NO;
				SWIFT_VERSION = 5.0;
			};
			name = Release;
		};
/* End XCBuildConfiguration section */

/* Begin XCConfigurationList section */
		0E21F68D2DBD4A7100BA1BEC /* Build configuration list for PBXProject "ExpenseReportKata" */ = {
			isa = XCConfigurationList;
			buildConfigurations = (
				0E21F6A72DBD4A7200BA1BEC /* Debug */,
				0E21F6A82DBD4A7200BA1BEC /* Release */,
			);
			defaultConfigurationIsVisible = 0;
			defaultConfigurationName = Release;
		};
		0E21F6A42DBD4A7200BA1BEC /* Build configuration list for PBXNativeTarget "ExpenseReportKata" */ = {
			isa = XCConfigurationList;
			buildConfigurations = (
				0E21F6A52DBD4A7200BA1BEC /* Debug */,
				0E21F6A62DBD4A7200BA1BEC /* Release */,
			);
			defaultConfigurationIsVisible = 0;
			defaultConfigurationName = Release;
		};
		0E21F6A92DBD4A7200BA1BEC /* Build configuration list for PBXNativeTarget "ExpenseReportKataTests" */ = {
			isa = XCConfigurationList;
			buildConfigurations = (
				0E21F6AA2DBD4A7200BA1BEC /* Debug */,
				0E21F6AB2DBD4A7200BA1BEC /* Release */,
			);
			defaultConfigurationIsVisible = 0;
			defaultConfigurationName = Release;
		};
/* End XCConfigurationList section */

/* Begin XCRemoteSwiftPackageReference section */
		0E21F6AE2DBD4E9300BA1BEC /* XCRemoteSwiftPackageReference "ApprovalTests" */ = {
			isa = XCRemoteSwiftPackageReference;
			repositoryURL = "https://github.com/approvals/ApprovalTests.Swift";
			requirement = {
				branch = master;
				kind = branch;
			};
		};
/* End XCRemoteSwiftPackageReference section */

/* Begin XCSwiftPackageProductDependency section */
		0E21F6AF2DBD4E9300BA1BEC /* ApprovalTests.Swift */ = {
			isa = XCSwiftPackageProductDependency;
			package = 0E21F6AE2DBD4E9300BA1BEC /* XCRemoteSwiftPackageReference "ApprovalTests" */;
			productName = ApprovalTests.Swift;
		};
/* End XCSwiftPackageProductDependency section */
	};
	rootObject = 0E21F68A2DBD4A7100BA1BEC /* Project object */;
}
